
Microsoft Visual Studio Solution File, Format Version 12.00
# Visual Studio Version 17
VisualStudioVersion = 17.5.33414.496
MinimumVisualStudioVersion = 10.0.40219.1
Project("{FAE04EC0-301F-11D3-BF4B-00C04F79EFBC}") = "Runner", "Runner\Runner.csproj", "{11D25E2C-2BB7-4542-8CEF-1D5831E48E2E}"
EndProject
Project("{FAE04EC0-301F-11D3-BF4B-00C04F79EFBC}") = "Shop", "Shop\Shop.csproj", "{F42EFD64-C3F1-4213-8A97-B85759100EED}"
EndProject
Global
	GlobalSection(SolutionConfigurationPlatforms) = preSolution
		Debug|Any CPU = Debug|Any CPU
		Release|Any CPU = Release|Any CPU
	EndGlobalSection
	GlobalSection(ProjectConfigurationPlatforms) = postSolution
		{11D25E2C-2BB7-4542-8CEF-1D5831E48E2E}.Debug|Any CPU.ActiveCfg = Debug|Any CPU
		{11D25E2C-2BB7-4542-8CEF-1D5831E48E2E}.Debug|Any CPU.Build.0 = Debug|Any CPU
		{11D25E2C-2BB7-4542-8CEF-1D5831E48E2E}.Release|Any CPU.ActiveCfg = Release|Any CPU
		{11D25E2C-2BB7-4542-8CEF-1D5831E48E2E}.Release|Any CPU.Build.0 = Release|Any CPU
		{F42EFD64-C3F1-4213-8A97-B85759100EED}.Debug|Any CPU.ActiveCfg = Debug|Any CPU
		{F42EFD64-C3F1-4213-8A97-B85759100EED}.Debug|Any CPU.Build.0 = Debug|Any CPU
		{F42EFD64-C3F1-4213-8A97-B85759100EED}.Release|Any CPU.ActiveCfg = Release|Any CPU
		{F42EFD64-C3F1-4213-8A97-B85759100EED}.Release|Any CPU.Build.0 = Release|Any CPU
	EndGlobalSection
	GlobalSection(SolutionProperties) = preSolution
		HideSolutionNode = FALSE
	EndGlobalSection
	GlobalSection(ExtensibilityGlobals) = postSolution
		SolutionGuid = {8D07F76A-6003-4B0B-94DF-64C5B675C53D}
	EndGlobalSection
EndGlobal
